
Microsoft Visual Studio Solution File, Format Version 12.00
# Visual Studio Version 16
VisualStudioVersion = 16.0.31410.357
MinimumVisualStudioVersion = 10.0.40219.1
Project("{FAE04EC0-301F-11D3-BF4B-00C04F79EFBC}") = "ManufacturerSupplyChainWebsite", "ManufacturerSupplyChainWebsite\ManufacturerSupplyChainWebsite.csproj", "{AC7BD640-2887-4A78-B1A5-00BEF1D3C502}"
EndProject
Project("{9A19103F-16F7-4668-BE54-9A1E7A4F7556}") = "BuisnessPresentation", "BuisnessObject\BuisnessPresentation.csproj", "{92B49CE0-02BB-4AFE-B7E6-F4EFC4972FB0}"
EndProject
Project("{9A19103F-16F7-4668-BE54-9A1E7A4F7556}") = "BuisnessLogic", "BuisnessLogic\BuisnessLogic.csproj", "{1E2041DC-61AD-4407-94BF-E41462D07FC1}"
EndProject
Project("{9A19103F-16F7-4668-BE54-9A1E7A4F7556}") = "DataAccess", "DataAccess\DataAccess.csproj", "{3565079D-4DEF-4A38-AE4F-2575871ABEAC}"
EndProject
Project("{FAE04EC0-301F-11D3-BF4B-00C04F79EFBC}") = "BuisnessSystem", "BuisnessSystem\BuisnessSystem.csproj", "{E0D6F615-F646-4C08-9063-DC00AB281B36}"
EndProject
Global
	GlobalSection(SolutionConfigurationPlatforms) = preSolution
		Debug|Any CPU = Debug|Any CPU
		Release|Any CPU = Release|Any CPU
	EndGlobalSection
	GlobalSection(ProjectConfigurationPlatforms) = postSolution
		{AC7BD640-2887-4A78-B1A5-00BEF1D3C502}.Debug|Any CPU.ActiveCfg = Debug|Any CPU
		{AC7BD640-2887-4A78-B1A5-00BEF1D3C502}.Debug|Any CPU.Build.0 = Debug|Any CPU
		{AC7BD640-2887-4A78-B1A5-00BEF1D3C502}.Release|Any CPU.ActiveCfg = Release|Any CPU
		{AC7BD640-2887-4A78-B1A5-00BEF1D3C502}.Release|Any CPU.Build.0 = Release|Any CPU
		{92B49CE0-02BB-4AFE-B7E6-F4EFC4972FB0}.Debug|Any CPU.ActiveCfg = Debug|Any CPU
		{92B49CE0-02BB-4AFE-B7E6-F4EFC4972FB0}.Debug|Any CPU.Build.0 = Debug|Any CPU
		{92B49CE0-02BB-4AFE-B7E6-F4EFC4972FB0}.Release|Any CPU.ActiveCfg = Release|Any CPU
		{92B49CE0-02BB-4AFE-B7E6-F4EFC4972FB0}.Release|Any CPU.Build.0 = Release|Any CPU
		{1E2041DC-61AD-4407-94BF-E41462D07FC1}.Debug|Any CPU.ActiveCfg = Debug|Any CPU
		{1E2041DC-61AD-4407-94BF-E41462D07FC1}.Debug|Any CPU.Build.0 = Debug|Any CPU
		{1E2041DC-61AD-4407-94BF-E41462D07FC1}.Release|Any CPU.ActiveCfg = Release|Any CPU
		{1E2041DC-61AD-4407-94BF-E41462D07FC1}.Release|Any CPU.Build.0 = Release|Any CPU
		{3565079D-4DEF-4A38-AE4F-2575871ABEAC}.Debug|Any CPU.ActiveCfg = Debug|Any CPU
		{3565079D-4DEF-4A38-AE4F-2575871ABEAC}.Debug|Any CPU.Build.0 = Debug|Any CPU
		{3565079D-4DEF-4A38-AE4F-2575871ABEAC}.Release|Any CPU.ActiveCfg = Release|Any CPU
		{3565079D-4DEF-4A38-AE4F-2575871ABEAC}.Release|Any CPU.Build.0 = Release|Any CPU
		{E0D6F615-F646-4C08-9063-DC00AB281B36}.Debug|Any CPU.ActiveCfg = Debug|Any CPU
		{E0D6F615-F646-4C08-9063-DC00AB281B36}.Debug|Any CPU.Build.0 = Debug|Any CPU
		{E0D6F615-F646-4C08-9063-DC00AB281B36}.Release|Any CPU.ActiveCfg = Release|Any CPU
		{E0D6F615-F646-4C08-9063-DC00AB281B36}.Release|Any CPU.Build.0 = Release|Any CPU
	EndGlobalSection
	GlobalSection(SolutionProperties) = preSolution
		HideSolutionNode = FALSE
	EndGlobalSection
	GlobalSection(ExtensibilityGlobals) = postSolution
		SolutionGuid = {430F60C6-E49A-424D-B8E4-BD8DCC2555C2}
	EndGlobalSection
EndGlobal
