
Microsoft Visual Studio Solution File, Format Version 12.00
# Visual Studio Version 16
VisualStudioVersion = 16.0.31605.320
MinimumVisualStudioVersion = 10.0.40219.1
Project("{FAE04EC0-301F-11D3-BF4B-00C04F79EFBC}") = "WebAppOrder", "WebAppOrder\WebAppOrder.csproj", "{B2631544-224B-42DA-BFDD-C933551D4F18}"
EndProject
Project("{FAE04EC0-301F-11D3-BF4B-00C04F79EFBC}") = "DataAccess", "DataAccess\DataAccess.csproj", "{1A6D1E7A-1265-4360-9933-F97D74C0EB51}"
EndProject
Project("{FAE04EC0-301F-11D3-BF4B-00C04F79EFBC}") = "Manufacturer.Model", "Manufacturer.Model\Manufacturer.Model.csproj", "{9EA1B7D4-BC90-4B54-B895-93FD29F8C23E}"
EndProject
Project("{FAE04EC0-301F-11D3-BF4B-00C04F79EFBC}") = "Manufacturer.IBL", "Manufacturer.IBL\Manufacturer.IBL.csproj", "{C467EFA7-A7A4-4910-9B6F-0DB371998CFF}"
	ProjectSection(ProjectDependencies) = postProject
		{9EA1B7D4-BC90-4B54-B895-93FD29F8C23E} = {9EA1B7D4-BC90-4B54-B895-93FD29F8C23E}
	EndProjectSection
EndProject
Project("{FAE04EC0-301F-11D3-BF4B-00C04F79EFBC}") = "Manufacturer.BL", "Manufacturer.BL\Manufacturer.BL.csproj", "{06760A89-1EB4-4F2B-84F3-6D6313FCE19F}"
EndProject
Global
	GlobalSection(SolutionConfigurationPlatforms) = preSolution
		Debug|Any CPU = Debug|Any CPU
		Release|Any CPU = Release|Any CPU
	EndGlobalSection
	GlobalSection(ProjectConfigurationPlatforms) = postSolution
		{B2631544-224B-42DA-BFDD-C933551D4F18}.Debug|Any CPU.ActiveCfg = Debug|Any CPU
		{B2631544-224B-42DA-BFDD-C933551D4F18}.Debug|Any CPU.Build.0 = Debug|Any CPU
		{B2631544-224B-42DA-BFDD-C933551D4F18}.Release|Any CPU.ActiveCfg = Release|Any CPU
		{B2631544-224B-42DA-BFDD-C933551D4F18}.Release|Any CPU.Build.0 = Release|Any CPU
		{1A6D1E7A-1265-4360-9933-F97D74C0EB51}.Debug|Any CPU.ActiveCfg = Debug|Any CPU
		{1A6D1E7A-1265-4360-9933-F97D74C0EB51}.Debug|Any CPU.Build.0 = Debug|Any CPU
		{1A6D1E7A-1265-4360-9933-F97D74C0EB51}.Release|Any CPU.ActiveCfg = Release|Any CPU
		{1A6D1E7A-1265-4360-9933-F97D74C0EB51}.Release|Any CPU.Build.0 = Release|Any CPU
		{9EA1B7D4-BC90-4B54-B895-93FD29F8C23E}.Debug|Any CPU.ActiveCfg = Debug|Any CPU
		{9EA1B7D4-BC90-4B54-B895-93FD29F8C23E}.Debug|Any CPU.Build.0 = Debug|Any CPU
		{9EA1B7D4-BC90-4B54-B895-93FD29F8C23E}.Release|Any CPU.ActiveCfg = Release|Any CPU
		{9EA1B7D4-BC90-4B54-B895-93FD29F8C23E}.Release|Any CPU.Build.0 = Release|Any CPU
		{C467EFA7-A7A4-4910-9B6F-0DB371998CFF}.Debug|Any CPU.ActiveCfg = Debug|Any CPU
		{C467EFA7-A7A4-4910-9B6F-0DB371998CFF}.Debug|Any CPU.Build.0 = Debug|Any CPU
		{C467EFA7-A7A4-4910-9B6F-0DB371998CFF}.Release|Any CPU.ActiveCfg = Release|Any CPU
		{C467EFA7-A7A4-4910-9B6F-0DB371998CFF}.Release|Any CPU.Build.0 = Release|Any CPU
		{06760A89-1EB4-4F2B-84F3-6D6313FCE19F}.Debug|Any CPU.ActiveCfg = Debug|Any CPU
		{06760A89-1EB4-4F2B-84F3-6D6313FCE19F}.Debug|Any CPU.Build.0 = Debug|Any CPU
		{06760A89-1EB4-4F2B-84F3-6D6313FCE19F}.Release|Any CPU.ActiveCfg = Release|Any CPU
		{06760A89-1EB4-4F2B-84F3-6D6313FCE19F}.Release|Any CPU.Build.0 = Release|Any CPU
	EndGlobalSection
	GlobalSection(SolutionProperties) = preSolution
		HideSolutionNode = FALSE
	EndGlobalSection
	GlobalSection(ExtensibilityGlobals) = postSolution
		SolutionGuid = {79AD1077-AA44-4C2C-98B3-B6D30B2FBB00}
	EndGlobalSection
EndGlobal
